
Microsoft Visual Studio Solution File, Format Version 12.00
# Visual Studio Version 16
VisualStudioVersion = 16.0.29326.143
MinimumVisualStudioVersion = 10.0.40219.1
Project("{FAE04EC0-301F-11D3-BF4B-00C04F79EFBC}") = "MVCDemoAppCS", "MVCDemoAppCS\MVCDemoAppCS.csproj", "{EF72A491-DF14-4BB3-AE74-999377E8F73C}"
EndProject
Global
	GlobalSection(SolutionConfigurationPlatforms) = preSolution
		Debug|Any CPU = Debug|Any CPU
		Release|Any CPU = Release|Any CPU
	EndGlobalSection
	GlobalSection(ProjectConfigurationPlatforms) = postSolution
		{EF72A491-DF14-4BB3-AE74-999377E8F73C}.Debug|Any CPU.ActiveCfg = Debug|Any CPU
		{EF72A491-DF14-4BB3-AE74-999377E8F73C}.Debug|Any CPU.Build.0 = Debug|Any CPU
		{EF72A491-DF14-4BB3-AE74-999377E8F73C}.Release|Any CPU.ActiveCfg = Release|Any CPU
		{EF72A491-DF14-4BB3-AE74-999377E8F73C}.Release|Any CPU.Build.0 = Release|Any CPU
	EndGlobalSection
	GlobalSection(SolutionProperties) = preSolution
		HideSolutionNode = FALSE
	EndGlobalSection
	GlobalSection(ExtensibilityGlobals) = postSolution
		SolutionGuid = {2A4113DA-BA6D-4B75-A9F9-835470CEA114}
	EndGlobalSection
EndGlobal
